
Microsoft Visual Studio Solution File, Format Version 12.00
# Visual Studio Version 17
VisualStudioVersion = 17.0.31903.59
MinimumVisualStudioVersion = 10.0.40219.1
Project("{FAE04EC0-301F-11D3-BF4B-00C04F79EFBC}") = "PassGen", "PassGen\PassGen.csproj", "{80452615-CCA3-4798-874C-E696C6068AE1}"
EndProject
Project("{FAE04EC0-301F-11D3-BF4B-00C04F79EFBC}") = "PassGen.Console", "PassGen.Console\PassGen.Console.csproj", "{F39DAE44-630A-4387-892F-18B3085E1D9F}"
EndProject
Project("{FAE04EC0-301F-11D3-BF4B-00C04F79EFBC}") = "Tests", "Tests\Tests.csproj", "{28DA6C5C-9115-4CED-A75A-62FA113DC637}"
EndProject
Global
	GlobalSection(SolutionConfigurationPlatforms) = preSolution
		Debug|Any CPU = Debug|Any CPU
		Debug|x64 = Debug|x64
		Debug|x86 = Debug|x86
		Release|Any CPU = Release|Any CPU
		Release|x64 = Release|x64
		Release|x86 = Release|x86
	EndGlobalSection
	GlobalSection(ProjectConfigurationPlatforms) = postSolution
		{80452615-CCA3-4798-874C-E696C6068AE1}.Debug|Any CPU.ActiveCfg = Debug|Any CPU
		{80452615-CCA3-4798-874C-E696C6068AE1}.Debug|Any CPU.Build.0 = Debug|Any CPU
		{80452615-CCA3-4798-874C-E696C6068AE1}.Debug|x64.ActiveCfg = Debug|Any CPU
		{80452615-CCA3-4798-874C-E696C6068AE1}.Debug|x64.Build.0 = Debug|Any CPU
		{80452615-CCA3-4798-874C-E696C6068AE1}.Debug|x86.ActiveCfg = Debug|Any CPU
		{80452615-CCA3-4798-874C-E696C6068AE1}.Debug|x86.Build.0 = Debug|Any CPU
		{80452615-CCA3-4798-874C-E696C6068AE1}.Release|Any CPU.ActiveCfg = Release|Any CPU
		{80452615-CCA3-4798-874C-E696C6068AE1}.Release|Any CPU.Build.0 = Release|Any CPU
		{80452615-CCA3-4798-874C-E696C6068AE1}.Release|x64.ActiveCfg = Release|Any CPU
		{80452615-CCA3-4798-874C-E696C6068AE1}.Release|x64.Build.0 = Release|Any CPU
		{80452615-CCA3-4798-874C-E696C6068AE1}.Release|x86.ActiveCfg = Release|Any CPU
		{80452615-CCA3-4798-874C-E696C6068AE1}.Release|x86.Build.0 = Release|Any CPU
		{F39DAE44-630A-4387-892F-18B3085E1D9F}.Debug|Any CPU.ActiveCfg = Debug|Any CPU
		{F39DAE44-630A-4387-892F-18B3085E1D9F}.Debug|Any CPU.Build.0 = Debug|Any CPU
		{F39DAE44-630A-4387-892F-18B3085E1D9F}.Debug|x64.ActiveCfg = Debug|Any CPU
		{F39DAE44-630A-4387-892F-18B3085E1D9F}.Debug|x64.Build.0 = Debug|Any CPU
		{F39DAE44-630A-4387-892F-18B3085E1D9F}.Debug|x86.ActiveCfg = Debug|Any CPU
		{F39DAE44-630A-4387-892F-18B3085E1D9F}.Debug|x86.Build.0 = Debug|Any CPU
		{F39DAE44-630A-4387-892F-18B3085E1D9F}.Release|Any CPU.ActiveCfg = Release|Any CPU
		{F39DAE44-630A-4387-892F-18B3085E1D9F}.Release|Any CPU.Build.0 = Release|Any CPU
		{F39DAE44-630A-4387-892F-18B3085E1D9F}.Release|x64.ActiveCfg = Release|Any CPU
		{F39DAE44-630A-4387-892F-18B3085E1D9F}.Release|x64.Build.0 = Release|Any CPU
		{F39DAE44-630A-4387-892F-18B3085E1D9F}.Release|x86.ActiveCfg = Release|Any CPU
		{F39DAE44-630A-4387-892F-18B3085E1D9F}.Release|x86.Build.0 = Release|Any CPU
		{28DA6C5C-9115-4CED-A75A-62FA113DC637}.Debug|Any CPU.ActiveCfg = Debug|Any CPU
		{28DA6C5C-9115-4CED-A75A-62FA113DC637}.Debug|Any CPU.Build.0 = Debug|Any CPU
		{28DA6C5C-9115-4CED-A75A-62FA113DC637}.Debug|x64.ActiveCfg = Debug|Any CPU
		{28DA6C5C-9115-4CED-A75A-62FA113DC637}.Debug|x64.Build.0 = Debug|Any CPU
		{28DA6C5C-9115-4CED-A75A-62FA113DC637}.Debug|x86.ActiveCfg = Debug|Any CPU
		{28DA6C5C-9115-4CED-A75A-62FA113DC637}.Debug|x86.Build.0 = Debug|Any CPU
		{28DA6C5C-9115-4CED-A75A-62FA113DC637}.Release|Any CPU.ActiveCfg = Release|Any CPU
		{28DA6C5C-9115-4CED-A75A-62FA113DC637}.Release|Any CPU.Build.0 = Release|Any CPU
		{28DA6C5C-9115-4CED-A75A-62FA113DC637}.Release|x64.ActiveCfg = Release|Any CPU
		{28DA6C5C-9115-4CED-A75A-62FA113DC637}.Release|x64.Build.0 = Release|Any CPU
		{28DA6C5C-9115-4CED-A75A-62FA113DC637}.Release|x86.ActiveCfg = Release|Any CPU
		{28DA6C5C-9115-4CED-A75A-62FA113DC637}.Release|x86.Build.0 = Release|Any CPU
	EndGlobalSection
	GlobalSection(SolutionProperties) = preSolution
		HideSolutionNode = FALSE
	EndGlobalSection
EndGlobal
