
Microsoft Visual Studio Solution File, Format Version 12.00
# Visual Studio Version 17
VisualStudioVersion = 17.5.002.0
MinimumVisualStudioVersion = 10.0.40219.1
Project("{9A19103F-16F7-4668-BE54-9A1E7A4F7556}") = "Headers", "Client\Headers.csproj", "{17DFD9A2-07A0-42C8-98A7-572A435D9195}"
EndProject
Project("{9A19103F-16F7-4668-BE54-9A1E7A4F7556}") = "Server", "Server\Server.csproj", "{66B6D2DE-9726-45F3-92D0-FFD8A8C5C3AD}"
EndProject
Global
	GlobalSection(SolutionConfigurationPlatforms) = preSolution
		Debug|Any CPU = Debug|Any CPU
		Release|Any CPU = Release|Any CPU
	EndGlobalSection
	GlobalSection(ProjectConfigurationPlatforms) = postSolution
		{17DFD9A2-07A0-42C8-98A7-572A435D9195}.Debug|Any CPU.ActiveCfg = Debug|Any CPU
		{17DFD9A2-07A0-42C8-98A7-572A435D9195}.Debug|Any CPU.Build.0 = Debug|Any CPU
		{17DFD9A2-07A0-42C8-98A7-572A435D9195}.Release|Any CPU.ActiveCfg = Release|Any CPU
		{17DFD9A2-07A0-42C8-98A7-572A435D9195}.Release|Any CPU.Build.0 = Release|Any CPU
		{66B6D2DE-9726-45F3-92D0-FFD8A8C5C3AD}.Debug|Any CPU.ActiveCfg = Debug|Any CPU
		{66B6D2DE-9726-45F3-92D0-FFD8A8C5C3AD}.Debug|Any CPU.Build.0 = Debug|Any CPU
		{66B6D2DE-9726-45F3-92D0-FFD8A8C5C3AD}.Release|Any CPU.ActiveCfg = Release|Any CPU
		{66B6D2DE-9726-45F3-92D0-FFD8A8C5C3AD}.Release|Any CPU.Build.0 = Release|Any CPU
	EndGlobalSection
	GlobalSection(SolutionProperties) = preSolution
		HideSolutionNode = FALSE
	EndGlobalSection
	GlobalSection(ExtensibilityGlobals) = postSolution
		SolutionGuid = {F6630ED8-AB9B-4975-AF51-BD948DDF4113}
	EndGlobalSection
EndGlobal
