
Microsoft Visual Studio Solution File, Format Version 12.00
# Visual Studio 15
VisualStudioVersion = 15.0.26124.0
MinimumVisualStudioVersion = 15.0.26124.0
Project("{FAE04EC0-301F-11D3-BF4B-00C04F79EFBC}") = "RecordExample", "RecordExample\RecordExample.csproj", "{8D2BF82B-F600-41A2-A358-CA0D22E62BC9}"
EndProject
Project("{FAE04EC0-301F-11D3-BF4B-00C04F79EFBC}") = "RecordExample.Tests", "RecordExample.Tests\RecordExample.Tests.csproj", "{7AB04CA9-E98D-4A5C-B942-841B990A0F3E}"
EndProject
Global
	GlobalSection(SolutionConfigurationPlatforms) = preSolution
		Debug|Any CPU = Debug|Any CPU
		Debug|x64 = Debug|x64
		Debug|x86 = Debug|x86
		Release|Any CPU = Release|Any CPU
		Release|x64 = Release|x64
		Release|x86 = Release|x86
	EndGlobalSection
	GlobalSection(SolutionProperties) = preSolution
		HideSolutionNode = FALSE
	EndGlobalSection
	GlobalSection(ProjectConfigurationPlatforms) = postSolution
		{8D2BF82B-F600-41A2-A358-CA0D22E62BC9}.Debug|Any CPU.ActiveCfg = Debug|Any CPU
		{8D2BF82B-F600-41A2-A358-CA0D22E62BC9}.Debug|Any CPU.Build.0 = Debug|Any CPU
		{8D2BF82B-F600-41A2-A358-CA0D22E62BC9}.Debug|x64.ActiveCfg = Debug|Any CPU
		{8D2BF82B-F600-41A2-A358-CA0D22E62BC9}.Debug|x64.Build.0 = Debug|Any CPU
		{8D2BF82B-F600-41A2-A358-CA0D22E62BC9}.Debug|x86.ActiveCfg = Debug|Any CPU
		{8D2BF82B-F600-41A2-A358-CA0D22E62BC9}.Debug|x86.Build.0 = Debug|Any CPU
		{8D2BF82B-F600-41A2-A358-CA0D22E62BC9}.Release|Any CPU.ActiveCfg = Release|Any CPU
		{8D2BF82B-F600-41A2-A358-CA0D22E62BC9}.Release|Any CPU.Build.0 = Release|Any CPU
		{8D2BF82B-F600-41A2-A358-CA0D22E62BC9}.Release|x64.ActiveCfg = Release|Any CPU
		{8D2BF82B-F600-41A2-A358-CA0D22E62BC9}.Release|x64.Build.0 = Release|Any CPU
		{8D2BF82B-F600-41A2-A358-CA0D22E62BC9}.Release|x86.ActiveCfg = Release|Any CPU
		{8D2BF82B-F600-41A2-A358-CA0D22E62BC9}.Release|x86.Build.0 = Release|Any CPU
		{7AB04CA9-E98D-4A5C-B942-841B990A0F3E}.Debug|Any CPU.ActiveCfg = Debug|Any CPU
		{7AB04CA9-E98D-4A5C-B942-841B990A0F3E}.Debug|Any CPU.Build.0 = Debug|Any CPU
		{7AB04CA9-E98D-4A5C-B942-841B990A0F3E}.Debug|x64.ActiveCfg = Debug|Any CPU
		{7AB04CA9-E98D-4A5C-B942-841B990A0F3E}.Debug|x64.Build.0 = Debug|Any CPU
		{7AB04CA9-E98D-4A5C-B942-841B990A0F3E}.Debug|x86.ActiveCfg = Debug|Any CPU
		{7AB04CA9-E98D-4A5C-B942-841B990A0F3E}.Debug|x86.Build.0 = Debug|Any CPU
		{7AB04CA9-E98D-4A5C-B942-841B990A0F3E}.Release|Any CPU.ActiveCfg = Release|Any CPU
		{7AB04CA9-E98D-4A5C-B942-841B990A0F3E}.Release|Any CPU.Build.0 = Release|Any CPU
		{7AB04CA9-E98D-4A5C-B942-841B990A0F3E}.Release|x64.ActiveCfg = Release|Any CPU
		{7AB04CA9-E98D-4A5C-B942-841B990A0F3E}.Release|x64.Build.0 = Release|Any CPU
		{7AB04CA9-E98D-4A5C-B942-841B990A0F3E}.Release|x86.ActiveCfg = Release|Any CPU
		{7AB04CA9-E98D-4A5C-B942-841B990A0F3E}.Release|x86.Build.0 = Release|Any CPU
	EndGlobalSection
EndGlobal
