
Microsoft Visual Studio Solution File, Format Version 12.00
# Visual Studio Version 17
VisualStudioVersion = 17.5.002.0
MinimumVisualStudioVersion = 10.0.40219.1
Project("{9A19103F-16F7-4668-BE54-9A1E7A4F7556}") = "RefitTest", "RefitTest.csproj", "{BE83AED2-1CCA-49F9-A597-4B22D94F3C82}"
EndProject
Global
	GlobalSection(SolutionConfigurationPlatforms) = preSolution
		Debug|Any CPU = Debug|Any CPU
		Release|Any CPU = Release|Any CPU
	EndGlobalSection
	GlobalSection(ProjectConfigurationPlatforms) = postSolution
		{BE83AED2-1CCA-49F9-A597-4B22D94F3C82}.Debug|Any CPU.ActiveCfg = Debug|Any CPU
		{BE83AED2-1CCA-49F9-A597-4B22D94F3C82}.Debug|Any CPU.Build.0 = Debug|Any CPU
		{BE83AED2-1CCA-49F9-A597-4B22D94F3C82}.Release|Any CPU.ActiveCfg = Release|Any CPU
		{BE83AED2-1CCA-49F9-A597-4B22D94F3C82}.Release|Any CPU.Build.0 = Release|Any CPU
	EndGlobalSection
	GlobalSection(SolutionProperties) = preSolution
		HideSolutionNode = FALSE
	EndGlobalSection
	GlobalSection(ExtensibilityGlobals) = postSolution
		SolutionGuid = {B59750BD-FBD7-4BE5-9B3D-FD62C6FFC9E8}
	EndGlobalSection
EndGlobal
