
Microsoft Visual Studio Solution File, Format Version 12.00
# Visual Studio Version 16
VisualStudioVersion = 16.0.30114.105
MinimumVisualStudioVersion = 10.0.40219.1
Project("{FAE04EC0-301F-11D3-BF4B-00C04F79EFBC}") = "FunWithDatesAndTimes.Core", "FunWithDatesAndTimes.Core\FunWithDatesAndTimes.Core.csproj", "{B7AAF394-C230-4466-B5B9-CCB837A28991}"
EndProject
Project("{FAE04EC0-301F-11D3-BF4B-00C04F79EFBC}") = "FunWithDatesAndTimes.Tests", "FunWithDatesAndTimes.Tests\FunWithDatesAndTimes.Tests.csproj", "{F4277B90-159D-4DCD-B383-E0F8A30E1E1E}"
EndProject
Global
	GlobalSection(SolutionConfigurationPlatforms) = preSolution
		Debug|Any CPU = Debug|Any CPU
		Release|Any CPU = Release|Any CPU
	EndGlobalSection
	GlobalSection(SolutionProperties) = preSolution
		HideSolutionNode = FALSE
	EndGlobalSection
	GlobalSection(ProjectConfigurationPlatforms) = postSolution
		{B7AAF394-C230-4466-B5B9-CCB837A28991}.Debug|Any CPU.ActiveCfg = Debug|Any CPU
		{B7AAF394-C230-4466-B5B9-CCB837A28991}.Debug|Any CPU.Build.0 = Debug|Any CPU
		{B7AAF394-C230-4466-B5B9-CCB837A28991}.Release|Any CPU.ActiveCfg = Release|Any CPU
		{B7AAF394-C230-4466-B5B9-CCB837A28991}.Release|Any CPU.Build.0 = Release|Any CPU
		{F4277B90-159D-4DCD-B383-E0F8A30E1E1E}.Debug|Any CPU.ActiveCfg = Debug|Any CPU
		{F4277B90-159D-4DCD-B383-E0F8A30E1E1E}.Debug|Any CPU.Build.0 = Debug|Any CPU
		{F4277B90-159D-4DCD-B383-E0F8A30E1E1E}.Release|Any CPU.ActiveCfg = Release|Any CPU
		{F4277B90-159D-4DCD-B383-E0F8A30E1E1E}.Release|Any CPU.Build.0 = Release|Any CPU
	EndGlobalSection
EndGlobal
