
Microsoft Visual Studio Solution File, Format Version 12.00
# Visual Studio Version 17
VisualStudioVersion = 17.5.002.0
MinimumVisualStudioVersion = 10.0.40219.1
Project("{9A19103F-16F7-4668-BE54-9A1E7A4F7556}") = "SpyDB", "SpyDB.csproj", "{D59F1E0C-C665-4134-9168-9BEBAD10355C}"
EndProject
Global
	GlobalSection(SolutionConfigurationPlatforms) = preSolution
		Debug|Any CPU = Debug|Any CPU
		Release|Any CPU = Release|Any CPU
	EndGlobalSection
	GlobalSection(ProjectConfigurationPlatforms) = postSolution
		{D59F1E0C-C665-4134-9168-9BEBAD10355C}.Debug|Any CPU.ActiveCfg = Debug|Any CPU
		{D59F1E0C-C665-4134-9168-9BEBAD10355C}.Debug|Any CPU.Build.0 = Debug|Any CPU
		{D59F1E0C-C665-4134-9168-9BEBAD10355C}.Release|Any CPU.ActiveCfg = Release|Any CPU
		{D59F1E0C-C665-4134-9168-9BEBAD10355C}.Release|Any CPU.Build.0 = Release|Any CPU
	EndGlobalSection
	GlobalSection(SolutionProperties) = preSolution
		HideSolutionNode = FALSE
	EndGlobalSection
	GlobalSection(ExtensibilityGlobals) = postSolution
		SolutionGuid = {94A30940-1199-49D6-B99C-983C6EE5B979}
	EndGlobalSection
EndGlobal
