
Microsoft Visual Studio Solution File, Format Version 12.00
# Visual Studio Version 17
VisualStudioVersion = 17.5.002.0
MinimumVisualStudioVersion = 10.0.40219.1
Project("{9A19103F-16F7-4668-BE54-9A1E7A4F7556}") = "SpiesAPI", "SpiesAPI.csproj", "{06BEB373-159F-4F23-9AB8-B116A72F7C95}"
EndProject
Global
	GlobalSection(SolutionConfigurationPlatforms) = preSolution
		Debug|Any CPU = Debug|Any CPU
		Release|Any CPU = Release|Any CPU
	EndGlobalSection
	GlobalSection(ProjectConfigurationPlatforms) = postSolution
		{06BEB373-159F-4F23-9AB8-B116A72F7C95}.Debug|Any CPU.ActiveCfg = Debug|Any CPU
		{06BEB373-159F-4F23-9AB8-B116A72F7C95}.Debug|Any CPU.Build.0 = Debug|Any CPU
		{06BEB373-159F-4F23-9AB8-B116A72F7C95}.Release|Any CPU.ActiveCfg = Release|Any CPU
		{06BEB373-159F-4F23-9AB8-B116A72F7C95}.Release|Any CPU.Build.0 = Release|Any CPU
	EndGlobalSection
	GlobalSection(SolutionProperties) = preSolution
		HideSolutionNode = FALSE
	EndGlobalSection
	GlobalSection(ExtensibilityGlobals) = postSolution
		SolutionGuid = {9CD14211-EE62-4132-AA7D-940E4994ABF3}
	EndGlobalSection
EndGlobal
