
Microsoft Visual Studio Solution File, Format Version 12.00
# Visual Studio Version 17
VisualStudioVersion = 17.5.002.0
MinimumVisualStudioVersion = 10.0.40219.1
Project("{9A19103F-16F7-4668-BE54-9A1E7A4F7556}") = "AttributeLinkage", "AttributeLinkage.csproj", "{9FD55344-218F-4DBD-8A2E-BF99153345D4}"
EndProject
Global
	GlobalSection(SolutionConfigurationPlatforms) = preSolution
		Debug|Any CPU = Debug|Any CPU
		Release|Any CPU = Release|Any CPU
	EndGlobalSection
	GlobalSection(ProjectConfigurationPlatforms) = postSolution
		{9FD55344-218F-4DBD-8A2E-BF99153345D4}.Debug|Any CPU.ActiveCfg = Debug|Any CPU
		{9FD55344-218F-4DBD-8A2E-BF99153345D4}.Debug|Any CPU.Build.0 = Debug|Any CPU
		{9FD55344-218F-4DBD-8A2E-BF99153345D4}.Release|Any CPU.ActiveCfg = Release|Any CPU
		{9FD55344-218F-4DBD-8A2E-BF99153345D4}.Release|Any CPU.Build.0 = Release|Any CPU
	EndGlobalSection
	GlobalSection(SolutionProperties) = preSolution
		HideSolutionNode = FALSE
	EndGlobalSection
	GlobalSection(ExtensibilityGlobals) = postSolution
		SolutionGuid = {F1B4D570-3E91-402A-A7DF-B7BFF3312CF6}
	EndGlobalSection
EndGlobal
