
Microsoft Visual Studio Solution File, Format Version 12.00
# Visual Studio Version 17
VisualStudioVersion = 17.5.002.0
MinimumVisualStudioVersion = 10.0.40219.1
Project("{9A19103F-16F7-4668-BE54-9A1E7A4F7556}") = "apiTest", "apiTest.csproj", "{C64BC200-871A-458C-8052-5893DA75E8BA}"
EndProject
Global
	GlobalSection(SolutionConfigurationPlatforms) = preSolution
		Debug|Any CPU = Debug|Any CPU
		Release|Any CPU = Release|Any CPU
	EndGlobalSection
	GlobalSection(ProjectConfigurationPlatforms) = postSolution
		{C64BC200-871A-458C-8052-5893DA75E8BA}.Debug|Any CPU.ActiveCfg = Debug|Any CPU
		{C64BC200-871A-458C-8052-5893DA75E8BA}.Debug|Any CPU.Build.0 = Debug|Any CPU
		{C64BC200-871A-458C-8052-5893DA75E8BA}.Release|Any CPU.ActiveCfg = Release|Any CPU
		{C64BC200-871A-458C-8052-5893DA75E8BA}.Release|Any CPU.Build.0 = Release|Any CPU
	EndGlobalSection
	GlobalSection(SolutionProperties) = preSolution
		HideSolutionNode = FALSE
	EndGlobalSection
	GlobalSection(ExtensibilityGlobals) = postSolution
		SolutionGuid = {54E5026F-38E5-40C0-ACA0-064911D522DC}
	EndGlobalSection
EndGlobal
