
Microsoft Visual Studio Solution File, Format Version 12.00
# Visual Studio Version 17
VisualStudioVersion = 17.0.31903.59
MinimumVisualStudioVersion = 10.0.40219.1
Project("{FAE04EC0-301F-11D3-BF4B-00C04F79EFBC}") = "UnitTestLogic", "UnitTestLogic\UnitTestLogic.csproj", "{7B518A2E-BEA7-41FC-A7D7-3C9697DC8B88}"
EndProject
Project("{FAE04EC0-301F-11D3-BF4B-00C04F79EFBC}") = "Tests", "Tests\Tests.csproj", "{77ED5FE0-0250-4171-94F9-8C258CDAD5A2}"
EndProject
Project("{FAE04EC0-301F-11D3-BF4B-00C04F79EFBC}") = "UnitTestWeb", "UnitTestWeb\UnitTestWeb.csproj", "{341DC709-19D4-481D-A93B-FABCE9B7D152}"
EndProject
Global
	GlobalSection(SolutionConfigurationPlatforms) = preSolution
		Debug|Any CPU = Debug|Any CPU
		Debug|x64 = Debug|x64
		Debug|x86 = Debug|x86
		Release|Any CPU = Release|Any CPU
		Release|x64 = Release|x64
		Release|x86 = Release|x86
	EndGlobalSection
	GlobalSection(ProjectConfigurationPlatforms) = postSolution
		{7B518A2E-BEA7-41FC-A7D7-3C9697DC8B88}.Debug|Any CPU.ActiveCfg = Debug|Any CPU
		{7B518A2E-BEA7-41FC-A7D7-3C9697DC8B88}.Debug|Any CPU.Build.0 = Debug|Any CPU
		{7B518A2E-BEA7-41FC-A7D7-3C9697DC8B88}.Debug|x64.ActiveCfg = Debug|Any CPU
		{7B518A2E-BEA7-41FC-A7D7-3C9697DC8B88}.Debug|x64.Build.0 = Debug|Any CPU
		{7B518A2E-BEA7-41FC-A7D7-3C9697DC8B88}.Debug|x86.ActiveCfg = Debug|Any CPU
		{7B518A2E-BEA7-41FC-A7D7-3C9697DC8B88}.Debug|x86.Build.0 = Debug|Any CPU
		{7B518A2E-BEA7-41FC-A7D7-3C9697DC8B88}.Release|Any CPU.ActiveCfg = Release|Any CPU
		{7B518A2E-BEA7-41FC-A7D7-3C9697DC8B88}.Release|Any CPU.Build.0 = Release|Any CPU
		{7B518A2E-BEA7-41FC-A7D7-3C9697DC8B88}.Release|x64.ActiveCfg = Release|Any CPU
		{7B518A2E-BEA7-41FC-A7D7-3C9697DC8B88}.Release|x64.Build.0 = Release|Any CPU
		{7B518A2E-BEA7-41FC-A7D7-3C9697DC8B88}.Release|x86.ActiveCfg = Release|Any CPU
		{7B518A2E-BEA7-41FC-A7D7-3C9697DC8B88}.Release|x86.Build.0 = Release|Any CPU
		{77ED5FE0-0250-4171-94F9-8C258CDAD5A2}.Debug|Any CPU.ActiveCfg = Debug|Any CPU
		{77ED5FE0-0250-4171-94F9-8C258CDAD5A2}.Debug|Any CPU.Build.0 = Debug|Any CPU
		{77ED5FE0-0250-4171-94F9-8C258CDAD5A2}.Debug|x64.ActiveCfg = Debug|Any CPU
		{77ED5FE0-0250-4171-94F9-8C258CDAD5A2}.Debug|x64.Build.0 = Debug|Any CPU
		{77ED5FE0-0250-4171-94F9-8C258CDAD5A2}.Debug|x86.ActiveCfg = Debug|Any CPU
		{77ED5FE0-0250-4171-94F9-8C258CDAD5A2}.Debug|x86.Build.0 = Debug|Any CPU
		{77ED5FE0-0250-4171-94F9-8C258CDAD5A2}.Release|Any CPU.ActiveCfg = Release|Any CPU
		{77ED5FE0-0250-4171-94F9-8C258CDAD5A2}.Release|Any CPU.Build.0 = Release|Any CPU
		{77ED5FE0-0250-4171-94F9-8C258CDAD5A2}.Release|x64.ActiveCfg = Release|Any CPU
		{77ED5FE0-0250-4171-94F9-8C258CDAD5A2}.Release|x64.Build.0 = Release|Any CPU
		{77ED5FE0-0250-4171-94F9-8C258CDAD5A2}.Release|x86.ActiveCfg = Release|Any CPU
		{77ED5FE0-0250-4171-94F9-8C258CDAD5A2}.Release|x86.Build.0 = Release|Any CPU
		{341DC709-19D4-481D-A93B-FABCE9B7D152}.Debug|Any CPU.ActiveCfg = Debug|Any CPU
		{341DC709-19D4-481D-A93B-FABCE9B7D152}.Debug|Any CPU.Build.0 = Debug|Any CPU
		{341DC709-19D4-481D-A93B-FABCE9B7D152}.Debug|x64.ActiveCfg = Debug|Any CPU
		{341DC709-19D4-481D-A93B-FABCE9B7D152}.Debug|x64.Build.0 = Debug|Any CPU
		{341DC709-19D4-481D-A93B-FABCE9B7D152}.Debug|x86.ActiveCfg = Debug|Any CPU
		{341DC709-19D4-481D-A93B-FABCE9B7D152}.Debug|x86.Build.0 = Debug|Any CPU
		{341DC709-19D4-481D-A93B-FABCE9B7D152}.Release|Any CPU.ActiveCfg = Release|Any CPU
		{341DC709-19D4-481D-A93B-FABCE9B7D152}.Release|Any CPU.Build.0 = Release|Any CPU
		{341DC709-19D4-481D-A93B-FABCE9B7D152}.Release|x64.ActiveCfg = Release|Any CPU
		{341DC709-19D4-481D-A93B-FABCE9B7D152}.Release|x64.Build.0 = Release|Any CPU
		{341DC709-19D4-481D-A93B-FABCE9B7D152}.Release|x86.ActiveCfg = Release|Any CPU
		{341DC709-19D4-481D-A93B-FABCE9B7D152}.Release|x86.Build.0 = Release|Any CPU
	EndGlobalSection
	GlobalSection(SolutionProperties) = preSolution
		HideSolutionNode = FALSE
	EndGlobalSection
EndGlobal
