
Microsoft Visual Studio Solution File, Format Version 12.00
# Visual Studio Version 17
VisualStudioVersion = 17.5.002.0
MinimumVisualStudioVersion = 10.0.40219.1
Project("{9A19103F-16F7-4668-BE54-9A1E7A4F7556}") = "LockingSupport", "LockingSupport.csproj", "{2D0BB34B-C0EC-4DFA-8D1B-D806DBBCC4E1}"
EndProject
Global
	GlobalSection(SolutionConfigurationPlatforms) = preSolution
		Debug|Any CPU = Debug|Any CPU
		Release|Any CPU = Release|Any CPU
	EndGlobalSection
	GlobalSection(ProjectConfigurationPlatforms) = postSolution
		{2D0BB34B-C0EC-4DFA-8D1B-D806DBBCC4E1}.Debug|Any CPU.ActiveCfg = Debug|Any CPU
		{2D0BB34B-C0EC-4DFA-8D1B-D806DBBCC4E1}.Debug|Any CPU.Build.0 = Debug|Any CPU
		{2D0BB34B-C0EC-4DFA-8D1B-D806DBBCC4E1}.Release|Any CPU.ActiveCfg = Release|Any CPU
		{2D0BB34B-C0EC-4DFA-8D1B-D806DBBCC4E1}.Release|Any CPU.Build.0 = Release|Any CPU
	EndGlobalSection
	GlobalSection(SolutionProperties) = preSolution
		HideSolutionNode = FALSE
	EndGlobalSection
	GlobalSection(ExtensibilityGlobals) = postSolution
		SolutionGuid = {98E54429-4A29-482C-9558-C0B5505134C5}
	EndGlobalSection
EndGlobal
