
Microsoft Visual Studio Solution File, Format Version 12.00
# Visual Studio Version 17
VisualStudioVersion = 17.0.31903.59
MinimumVisualStudioVersion = 10.0.40219.1
Project("{FAE04EC0-301F-11D3-BF4B-00C04F79EFBC}") = "Tests", "Tests\Tests.csproj", "{7A9481D0-9B66-429C-9436-C73D26FB28C7}"
EndProject
Project("{FAE04EC0-301F-11D3-BF4B-00C04F79EFBC}") = "UnitTestingLogic", "UnitTestingLogic\UnitTestingLogic.csproj", "{9871FF3C-8977-4CC7-860C-FC58015C54DE}"
EndProject
Project("{FAE04EC0-301F-11D3-BF4B-00C04F79EFBC}") = "UnitTestingWeb", "UnitTestingWeb\UnitTestingWeb.csproj", "{5721858A-6BCE-4BFD-A946-C4F281192B8F}"
EndProject
Global
	GlobalSection(SolutionConfigurationPlatforms) = preSolution
		Debug|Any CPU = Debug|Any CPU
		Debug|x64 = Debug|x64
		Debug|x86 = Debug|x86
		Release|Any CPU = Release|Any CPU
		Release|x64 = Release|x64
		Release|x86 = Release|x86
	EndGlobalSection
	GlobalSection(ProjectConfigurationPlatforms) = postSolution
		{7A9481D0-9B66-429C-9436-C73D26FB28C7}.Debug|Any CPU.ActiveCfg = Debug|Any CPU
		{7A9481D0-9B66-429C-9436-C73D26FB28C7}.Debug|Any CPU.Build.0 = Debug|Any CPU
		{7A9481D0-9B66-429C-9436-C73D26FB28C7}.Debug|x64.ActiveCfg = Debug|Any CPU
		{7A9481D0-9B66-429C-9436-C73D26FB28C7}.Debug|x64.Build.0 = Debug|Any CPU
		{7A9481D0-9B66-429C-9436-C73D26FB28C7}.Debug|x86.ActiveCfg = Debug|Any CPU
		{7A9481D0-9B66-429C-9436-C73D26FB28C7}.Debug|x86.Build.0 = Debug|Any CPU
		{7A9481D0-9B66-429C-9436-C73D26FB28C7}.Release|Any CPU.ActiveCfg = Release|Any CPU
		{7A9481D0-9B66-429C-9436-C73D26FB28C7}.Release|Any CPU.Build.0 = Release|Any CPU
		{7A9481D0-9B66-429C-9436-C73D26FB28C7}.Release|x64.ActiveCfg = Release|Any CPU
		{7A9481D0-9B66-429C-9436-C73D26FB28C7}.Release|x64.Build.0 = Release|Any CPU
		{7A9481D0-9B66-429C-9436-C73D26FB28C7}.Release|x86.ActiveCfg = Release|Any CPU
		{7A9481D0-9B66-429C-9436-C73D26FB28C7}.Release|x86.Build.0 = Release|Any CPU
		{9871FF3C-8977-4CC7-860C-FC58015C54DE}.Debug|Any CPU.ActiveCfg = Debug|Any CPU
		{9871FF3C-8977-4CC7-860C-FC58015C54DE}.Debug|Any CPU.Build.0 = Debug|Any CPU
		{9871FF3C-8977-4CC7-860C-FC58015C54DE}.Debug|x64.ActiveCfg = Debug|Any CPU
		{9871FF3C-8977-4CC7-860C-FC58015C54DE}.Debug|x64.Build.0 = Debug|Any CPU
		{9871FF3C-8977-4CC7-860C-FC58015C54DE}.Debug|x86.ActiveCfg = Debug|Any CPU
		{9871FF3C-8977-4CC7-860C-FC58015C54DE}.Debug|x86.Build.0 = Debug|Any CPU
		{9871FF3C-8977-4CC7-860C-FC58015C54DE}.Release|Any CPU.ActiveCfg = Release|Any CPU
		{9871FF3C-8977-4CC7-860C-FC58015C54DE}.Release|Any CPU.Build.0 = Release|Any CPU
		{9871FF3C-8977-4CC7-860C-FC58015C54DE}.Release|x64.ActiveCfg = Release|Any CPU
		{9871FF3C-8977-4CC7-860C-FC58015C54DE}.Release|x64.Build.0 = Release|Any CPU
		{9871FF3C-8977-4CC7-860C-FC58015C54DE}.Release|x86.ActiveCfg = Release|Any CPU
		{9871FF3C-8977-4CC7-860C-FC58015C54DE}.Release|x86.Build.0 = Release|Any CPU
		{5721858A-6BCE-4BFD-A946-C4F281192B8F}.Debug|Any CPU.ActiveCfg = Debug|Any CPU
		{5721858A-6BCE-4BFD-A946-C4F281192B8F}.Debug|Any CPU.Build.0 = Debug|Any CPU
		{5721858A-6BCE-4BFD-A946-C4F281192B8F}.Debug|x64.ActiveCfg = Debug|Any CPU
		{5721858A-6BCE-4BFD-A946-C4F281192B8F}.Debug|x64.Build.0 = Debug|Any CPU
		{5721858A-6BCE-4BFD-A946-C4F281192B8F}.Debug|x86.ActiveCfg = Debug|Any CPU
		{5721858A-6BCE-4BFD-A946-C4F281192B8F}.Debug|x86.Build.0 = Debug|Any CPU
		{5721858A-6BCE-4BFD-A946-C4F281192B8F}.Release|Any CPU.ActiveCfg = Release|Any CPU
		{5721858A-6BCE-4BFD-A946-C4F281192B8F}.Release|Any CPU.Build.0 = Release|Any CPU
		{5721858A-6BCE-4BFD-A946-C4F281192B8F}.Release|x64.ActiveCfg = Release|Any CPU
		{5721858A-6BCE-4BFD-A946-C4F281192B8F}.Release|x64.Build.0 = Release|Any CPU
		{5721858A-6BCE-4BFD-A946-C4F281192B8F}.Release|x86.ActiveCfg = Release|Any CPU
		{5721858A-6BCE-4BFD-A946-C4F281192B8F}.Release|x86.Build.0 = Release|Any CPU
	EndGlobalSection
	GlobalSection(SolutionProperties) = preSolution
		HideSolutionNode = FALSE
	EndGlobalSection
EndGlobal
