Microsoft Visual Studio Solution File, Format Version 12.00
# Visual Studio Version 17
VisualStudioVersion = 17.5.2.0
MinimumVisualStudioVersion = 10.0.40219.1
Project("{FAE04EC0-301F-11D3-BF4B-00C04F79EFBC}") = "CultureSupport", "CultureSupport.csproj", "{7A5B1A9D-B166-E7B2-FCFB-3A9BE647A4D2}"
EndProject
Global
	GlobalSection(SolutionConfigurationPlatforms) = preSolution
		Debug|Any CPU = Debug|Any CPU
		Release|Any CPU = Release|Any CPU
	EndGlobalSection
	GlobalSection(ProjectConfigurationPlatforms) = postSolution
		{7A5B1A9D-B166-E7B2-FCFB-3A9BE647A4D2}.Debug|Any CPU.ActiveCfg = Debug|Any CPU
		{7A5B1A9D-B166-E7B2-FCFB-3A9BE647A4D2}.Debug|Any CPU.Build.0 = Debug|Any CPU
		{7A5B1A9D-B166-E7B2-FCFB-3A9BE647A4D2}.Release|Any CPU.ActiveCfg = Release|Any CPU
		{7A5B1A9D-B166-E7B2-FCFB-3A9BE647A4D2}.Release|Any CPU.Build.0 = Release|Any CPU
	EndGlobalSection
	GlobalSection(SolutionProperties) = preSolution
		HideSolutionNode = FALSE
	EndGlobalSection
	GlobalSection(ExtensibilityGlobals) = postSolution
		SolutionGuid = {F927E280-8082-46A3-BF65-9E516E2BF2A3}
	EndGlobalSection
EndGlobal
