
Microsoft Visual Studio Solution File, Format Version 12.00
# Visual Studio Version 17
VisualStudioVersion = 17.0.31903.59
MinimumVisualStudioVersion = 10.0.40219.1
Project("{FAE04EC0-301F-11D3-BF4B-00C04F79EFBC}") = "Squares.Logic", "Squares.Logic\Squares.Logic.csproj", "{D8E99EAA-BCEA-409E-BFB2-0FF0B0C018C9}"
EndProject
Project("{FAE04EC0-301F-11D3-BF4B-00C04F79EFBC}") = "Squares.Tests", "Squares.Tests\Squares.Tests.csproj", "{5D649A45-9778-4992-BD03-8134BDEAD20B}"
EndProject
Global
	GlobalSection(SolutionConfigurationPlatforms) = preSolution
		Debug|Any CPU = Debug|Any CPU
		Release|Any CPU = Release|Any CPU
	EndGlobalSection
	GlobalSection(SolutionProperties) = preSolution
		HideSolutionNode = FALSE
	EndGlobalSection
	GlobalSection(ProjectConfigurationPlatforms) = postSolution
		{D8E99EAA-BCEA-409E-BFB2-0FF0B0C018C9}.Debug|Any CPU.ActiveCfg = Debug|Any CPU
		{D8E99EAA-BCEA-409E-BFB2-0FF0B0C018C9}.Debug|Any CPU.Build.0 = Debug|Any CPU
		{D8E99EAA-BCEA-409E-BFB2-0FF0B0C018C9}.Release|Any CPU.ActiveCfg = Release|Any CPU
		{D8E99EAA-BCEA-409E-BFB2-0FF0B0C018C9}.Release|Any CPU.Build.0 = Release|Any CPU
		{5D649A45-9778-4992-BD03-8134BDEAD20B}.Debug|Any CPU.ActiveCfg = Debug|Any CPU
		{5D649A45-9778-4992-BD03-8134BDEAD20B}.Debug|Any CPU.Build.0 = Debug|Any CPU
		{5D649A45-9778-4992-BD03-8134BDEAD20B}.Release|Any CPU.ActiveCfg = Release|Any CPU
		{5D649A45-9778-4992-BD03-8134BDEAD20B}.Release|Any CPU.Build.0 = Release|Any CPU
	EndGlobalSection
EndGlobal
