
Microsoft Visual Studio Solution File, Format Version 12.00
# Visual Studio Version 17
VisualStudioVersion = 17.0.31903.59
MinimumVisualStudioVersion = 10.0.40219.1
Project("{FAE04EC0-301F-11D3-BF4B-00C04F79EFBC}") = "CustomDateTimeFormatProvider", "CustomDateTimeFormatProvider\CustomDateTimeFormatProvider.csproj", "{C7696305-4571-48BD-B5D9-6F8016FD22DC}"
EndProject
Project("{FAE04EC0-301F-11D3-BF4B-00C04F79EFBC}") = "CustomDateTimeFormatProviderTests", "CustomDateTimeFormatProviderTests\CustomDateTimeFormatProviderTests.csproj", "{C20BD920-F980-4423-9F99-823B0D3FB58C}"
EndProject
Global
	GlobalSection(SolutionConfigurationPlatforms) = preSolution
		Debug|Any CPU = Debug|Any CPU
		Debug|x64 = Debug|x64
		Debug|x86 = Debug|x86
		Release|Any CPU = Release|Any CPU
		Release|x64 = Release|x64
		Release|x86 = Release|x86
	EndGlobalSection
	GlobalSection(ProjectConfigurationPlatforms) = postSolution
		{C7696305-4571-48BD-B5D9-6F8016FD22DC}.Debug|Any CPU.ActiveCfg = Debug|Any CPU
		{C7696305-4571-48BD-B5D9-6F8016FD22DC}.Debug|Any CPU.Build.0 = Debug|Any CPU
		{C7696305-4571-48BD-B5D9-6F8016FD22DC}.Debug|x64.ActiveCfg = Debug|Any CPU
		{C7696305-4571-48BD-B5D9-6F8016FD22DC}.Debug|x64.Build.0 = Debug|Any CPU
		{C7696305-4571-48BD-B5D9-6F8016FD22DC}.Debug|x86.ActiveCfg = Debug|Any CPU
		{C7696305-4571-48BD-B5D9-6F8016FD22DC}.Debug|x86.Build.0 = Debug|Any CPU
		{C7696305-4571-48BD-B5D9-6F8016FD22DC}.Release|Any CPU.ActiveCfg = Release|Any CPU
		{C7696305-4571-48BD-B5D9-6F8016FD22DC}.Release|Any CPU.Build.0 = Release|Any CPU
		{C7696305-4571-48BD-B5D9-6F8016FD22DC}.Release|x64.ActiveCfg = Release|Any CPU
		{C7696305-4571-48BD-B5D9-6F8016FD22DC}.Release|x64.Build.0 = Release|Any CPU
		{C7696305-4571-48BD-B5D9-6F8016FD22DC}.Release|x86.ActiveCfg = Release|Any CPU
		{C7696305-4571-48BD-B5D9-6F8016FD22DC}.Release|x86.Build.0 = Release|Any CPU
		{C20BD920-F980-4423-9F99-823B0D3FB58C}.Debug|Any CPU.ActiveCfg = Debug|Any CPU
		{C20BD920-F980-4423-9F99-823B0D3FB58C}.Debug|Any CPU.Build.0 = Debug|Any CPU
		{C20BD920-F980-4423-9F99-823B0D3FB58C}.Debug|x64.ActiveCfg = Debug|Any CPU
		{C20BD920-F980-4423-9F99-823B0D3FB58C}.Debug|x64.Build.0 = Debug|Any CPU
		{C20BD920-F980-4423-9F99-823B0D3FB58C}.Debug|x86.ActiveCfg = Debug|Any CPU
		{C20BD920-F980-4423-9F99-823B0D3FB58C}.Debug|x86.Build.0 = Debug|Any CPU
		{C20BD920-F980-4423-9F99-823B0D3FB58C}.Release|Any CPU.ActiveCfg = Release|Any CPU
		{C20BD920-F980-4423-9F99-823B0D3FB58C}.Release|Any CPU.Build.0 = Release|Any CPU
		{C20BD920-F980-4423-9F99-823B0D3FB58C}.Release|x64.ActiveCfg = Release|Any CPU
		{C20BD920-F980-4423-9F99-823B0D3FB58C}.Release|x64.Build.0 = Release|Any CPU
		{C20BD920-F980-4423-9F99-823B0D3FB58C}.Release|x86.ActiveCfg = Release|Any CPU
		{C20BD920-F980-4423-9F99-823B0D3FB58C}.Release|x86.Build.0 = Release|Any CPU
	EndGlobalSection
	GlobalSection(SolutionProperties) = preSolution
		HideSolutionNode = FALSE
	EndGlobalSection
EndGlobal
