
Microsoft Visual Studio Solution File, Format Version 12.00
# Visual Studio Version 17
VisualStudioVersion = 17.5.002.0
MinimumVisualStudioVersion = 10.0.40219.1
Project("{9A19103F-16F7-4668-BE54-9A1E7A4F7556}") = "OptionsVerification", "OptionsVerification.csproj", "{B13B211A-4F6F-4A76-99DC-9976A3E38D36}"
EndProject
Global
	GlobalSection(SolutionConfigurationPlatforms) = preSolution
		Debug|Any CPU = Debug|Any CPU
		Release|Any CPU = Release|Any CPU
	EndGlobalSection
	GlobalSection(ProjectConfigurationPlatforms) = postSolution
		{B13B211A-4F6F-4A76-99DC-9976A3E38D36}.Debug|Any CPU.ActiveCfg = Debug|Any CPU
		{B13B211A-4F6F-4A76-99DC-9976A3E38D36}.Debug|Any CPU.Build.0 = Debug|Any CPU
		{B13B211A-4F6F-4A76-99DC-9976A3E38D36}.Release|Any CPU.ActiveCfg = Release|Any CPU
		{B13B211A-4F6F-4A76-99DC-9976A3E38D36}.Release|Any CPU.Build.0 = Release|Any CPU
	EndGlobalSection
	GlobalSection(SolutionProperties) = preSolution
		HideSolutionNode = FALSE
	EndGlobalSection
	GlobalSection(ExtensibilityGlobals) = postSolution
		SolutionGuid = {846CDE40-5C52-4256-A7DC-4AFD7FE043C6}
	EndGlobalSection
EndGlobal
