
Microsoft Visual Studio Solution File, Format Version 12.00
# Visual Studio Version 17
VisualStudioVersion = 17.0.31903.59
MinimumVisualStudioVersion = 10.0.40219.1
Project("{FAE04EC0-301F-11D3-BF4B-00C04F79EFBC}") = "CustomMovieSorter", "CustomMovieSorter\CustomMovieSorter.csproj", "{FB6B6AB8-DC96-4C98-BA68-799989ED8B58}"
EndProject
Project("{FAE04EC0-301F-11D3-BF4B-00C04F79EFBC}") = "CustomMovieSorterTests", "CustomMovieSorterTests\CustomMovieSorterTests.csproj", "{59442961-1ECF-4C7F-A1D0-631731555381}"
EndProject
Project("{FAE04EC0-301F-11D3-BF4B-00C04F79EFBC}") = "CustomMovieSorterLibrary", "CustomMovieSorterLibrary\CustomMovieSorterLibrary.csproj", "{329409D7-AE5D-414C-BE16-78FDE5CE0923}"
EndProject
Global
	GlobalSection(SolutionConfigurationPlatforms) = preSolution
		Debug|Any CPU = Debug|Any CPU
		Debug|x64 = Debug|x64
		Debug|x86 = Debug|x86
		Release|Any CPU = Release|Any CPU
		Release|x64 = Release|x64
		Release|x86 = Release|x86
	EndGlobalSection
	GlobalSection(ProjectConfigurationPlatforms) = postSolution
		{FB6B6AB8-DC96-4C98-BA68-799989ED8B58}.Debug|Any CPU.ActiveCfg = Debug|Any CPU
		{FB6B6AB8-DC96-4C98-BA68-799989ED8B58}.Debug|Any CPU.Build.0 = Debug|Any CPU
		{FB6B6AB8-DC96-4C98-BA68-799989ED8B58}.Debug|x64.ActiveCfg = Debug|Any CPU
		{FB6B6AB8-DC96-4C98-BA68-799989ED8B58}.Debug|x64.Build.0 = Debug|Any CPU
		{FB6B6AB8-DC96-4C98-BA68-799989ED8B58}.Debug|x86.ActiveCfg = Debug|Any CPU
		{FB6B6AB8-DC96-4C98-BA68-799989ED8B58}.Debug|x86.Build.0 = Debug|Any CPU
		{FB6B6AB8-DC96-4C98-BA68-799989ED8B58}.Release|Any CPU.ActiveCfg = Release|Any CPU
		{FB6B6AB8-DC96-4C98-BA68-799989ED8B58}.Release|Any CPU.Build.0 = Release|Any CPU
		{FB6B6AB8-DC96-4C98-BA68-799989ED8B58}.Release|x64.ActiveCfg = Release|Any CPU
		{FB6B6AB8-DC96-4C98-BA68-799989ED8B58}.Release|x64.Build.0 = Release|Any CPU
		{FB6B6AB8-DC96-4C98-BA68-799989ED8B58}.Release|x86.ActiveCfg = Release|Any CPU
		{FB6B6AB8-DC96-4C98-BA68-799989ED8B58}.Release|x86.Build.0 = Release|Any CPU
		{59442961-1ECF-4C7F-A1D0-631731555381}.Debug|Any CPU.ActiveCfg = Debug|Any CPU
		{59442961-1ECF-4C7F-A1D0-631731555381}.Debug|Any CPU.Build.0 = Debug|Any CPU
		{59442961-1ECF-4C7F-A1D0-631731555381}.Debug|x64.ActiveCfg = Debug|Any CPU
		{59442961-1ECF-4C7F-A1D0-631731555381}.Debug|x64.Build.0 = Debug|Any CPU
		{59442961-1ECF-4C7F-A1D0-631731555381}.Debug|x86.ActiveCfg = Debug|Any CPU
		{59442961-1ECF-4C7F-A1D0-631731555381}.Debug|x86.Build.0 = Debug|Any CPU
		{59442961-1ECF-4C7F-A1D0-631731555381}.Release|Any CPU.ActiveCfg = Release|Any CPU
		{59442961-1ECF-4C7F-A1D0-631731555381}.Release|Any CPU.Build.0 = Release|Any CPU
		{59442961-1ECF-4C7F-A1D0-631731555381}.Release|x64.ActiveCfg = Release|Any CPU
		{59442961-1ECF-4C7F-A1D0-631731555381}.Release|x64.Build.0 = Release|Any CPU
		{59442961-1ECF-4C7F-A1D0-631731555381}.Release|x86.ActiveCfg = Release|Any CPU
		{59442961-1ECF-4C7F-A1D0-631731555381}.Release|x86.Build.0 = Release|Any CPU
		{329409D7-AE5D-414C-BE16-78FDE5CE0923}.Debug|Any CPU.ActiveCfg = Debug|Any CPU
		{329409D7-AE5D-414C-BE16-78FDE5CE0923}.Debug|Any CPU.Build.0 = Debug|Any CPU
		{329409D7-AE5D-414C-BE16-78FDE5CE0923}.Debug|x64.ActiveCfg = Debug|Any CPU
		{329409D7-AE5D-414C-BE16-78FDE5CE0923}.Debug|x64.Build.0 = Debug|Any CPU
		{329409D7-AE5D-414C-BE16-78FDE5CE0923}.Debug|x86.ActiveCfg = Debug|Any CPU
		{329409D7-AE5D-414C-BE16-78FDE5CE0923}.Debug|x86.Build.0 = Debug|Any CPU
		{329409D7-AE5D-414C-BE16-78FDE5CE0923}.Release|Any CPU.ActiveCfg = Release|Any CPU
		{329409D7-AE5D-414C-BE16-78FDE5CE0923}.Release|Any CPU.Build.0 = Release|Any CPU
		{329409D7-AE5D-414C-BE16-78FDE5CE0923}.Release|x64.ActiveCfg = Release|Any CPU
		{329409D7-AE5D-414C-BE16-78FDE5CE0923}.Release|x64.Build.0 = Release|Any CPU
		{329409D7-AE5D-414C-BE16-78FDE5CE0923}.Release|x86.ActiveCfg = Release|Any CPU
		{329409D7-AE5D-414C-BE16-78FDE5CE0923}.Release|x86.Build.0 = Release|Any CPU
	EndGlobalSection
	GlobalSection(SolutionProperties) = preSolution
		HideSolutionNode = FALSE
	EndGlobalSection
EndGlobal
