
Microsoft Visual Studio Solution File, Format Version 12.00
# Visual Studio Version 16
VisualStudioVersion = 16.0.31019.35
MinimumVisualStudioVersion = 15.0.26124.0
Project("{9A19103F-16F7-4668-BE54-9A1E7A4F7556}") = "Inheritance.Tests", "Inheritance.Tests\Inheritance.Tests.csproj", "{BF90F40D-95C7-4FA1-945E-8D30DE338211}"
EndProject
Project("{9A19103F-16F7-4668-BE54-9A1E7A4F7556}") = "Inheritance", "Inheritance\Inheritance.csproj", "{D35508BE-6BA4-4913-8D55-6513E345102E}"
EndProject
Global
	GlobalSection(SolutionConfigurationPlatforms) = preSolution
		Debug|Any CPU = Debug|Any CPU
		Debug|x64 = Debug|x64
		Debug|x86 = Debug|x86
		Release|Any CPU = Release|Any CPU
		Release|x64 = Release|x64
		Release|x86 = Release|x86
	EndGlobalSection
	GlobalSection(ProjectConfigurationPlatforms) = postSolution
		{BF90F40D-95C7-4FA1-945E-8D30DE338211}.Debug|Any CPU.ActiveCfg = Debug|Any CPU
		{BF90F40D-95C7-4FA1-945E-8D30DE338211}.Debug|Any CPU.Build.0 = Debug|Any CPU
		{BF90F40D-95C7-4FA1-945E-8D30DE338211}.Debug|x64.ActiveCfg = Debug|Any CPU
		{BF90F40D-95C7-4FA1-945E-8D30DE338211}.Debug|x64.Build.0 = Debug|Any CPU
		{BF90F40D-95C7-4FA1-945E-8D30DE338211}.Debug|x86.ActiveCfg = Debug|Any CPU
		{BF90F40D-95C7-4FA1-945E-8D30DE338211}.Debug|x86.Build.0 = Debug|Any CPU
		{BF90F40D-95C7-4FA1-945E-8D30DE338211}.Release|Any CPU.ActiveCfg = Release|Any CPU
		{BF90F40D-95C7-4FA1-945E-8D30DE338211}.Release|Any CPU.Build.0 = Release|Any CPU
		{BF90F40D-95C7-4FA1-945E-8D30DE338211}.Release|x64.ActiveCfg = Release|Any CPU
		{BF90F40D-95C7-4FA1-945E-8D30DE338211}.Release|x64.Build.0 = Release|Any CPU
		{BF90F40D-95C7-4FA1-945E-8D30DE338211}.Release|x86.ActiveCfg = Release|Any CPU
		{BF90F40D-95C7-4FA1-945E-8D30DE338211}.Release|x86.Build.0 = Release|Any CPU
		{D35508BE-6BA4-4913-8D55-6513E345102E}.Debug|Any CPU.ActiveCfg = Debug|Any CPU
		{D35508BE-6BA4-4913-8D55-6513E345102E}.Debug|Any CPU.Build.0 = Debug|Any CPU
		{D35508BE-6BA4-4913-8D55-6513E345102E}.Debug|x64.ActiveCfg = Debug|Any CPU
		{D35508BE-6BA4-4913-8D55-6513E345102E}.Debug|x64.Build.0 = Debug|Any CPU
		{D35508BE-6BA4-4913-8D55-6513E345102E}.Debug|x86.ActiveCfg = Debug|Any CPU
		{D35508BE-6BA4-4913-8D55-6513E345102E}.Debug|x86.Build.0 = Debug|Any CPU
		{D35508BE-6BA4-4913-8D55-6513E345102E}.Release|Any CPU.ActiveCfg = Release|Any CPU
		{D35508BE-6BA4-4913-8D55-6513E345102E}.Release|Any CPU.Build.0 = Release|Any CPU
		{D35508BE-6BA4-4913-8D55-6513E345102E}.Release|x64.ActiveCfg = Release|Any CPU
		{D35508BE-6BA4-4913-8D55-6513E345102E}.Release|x64.Build.0 = Release|Any CPU
		{D35508BE-6BA4-4913-8D55-6513E345102E}.Release|x86.ActiveCfg = Release|Any CPU
		{D35508BE-6BA4-4913-8D55-6513E345102E}.Release|x86.Build.0 = Release|Any CPU
	EndGlobalSection
	GlobalSection(SolutionProperties) = preSolution
		HideSolutionNode = FALSE
	EndGlobalSection
	GlobalSection(ExtensibilityGlobals) = postSolution
		SolutionGuid = {6D6D05D3-1511-4D3C-B386-6BBEF7396EBF}
	EndGlobalSection
EndGlobal
