
Microsoft Visual Studio Solution File, Format Version 12.00
# Visual Studio Version 17
VisualStudioVersion = 17.0.31903.59
MinimumVisualStudioVersion = 10.0.40219.1
Project("{FAE04EC0-301F-11D3-BF4B-00C04F79EFBC}") = "SystemSettingsLibrary", "SystemSettingsLibrary\SystemSettingsLibrary.csproj", "{D0E35C0E-D92C-4975-9665-28B3C515DCF7}"
EndProject
Project("{FAE04EC0-301F-11D3-BF4B-00C04F79EFBC}") = "SystemSettingsTests", "SystemSettingsTests\SystemSettingsTests.csproj", "{0371683E-A474-4C2C-ACD3-E9E2B7796B4F}"
EndProject
Global
	GlobalSection(SolutionConfigurationPlatforms) = preSolution
		Debug|Any CPU = Debug|Any CPU
		Debug|x64 = Debug|x64
		Debug|x86 = Debug|x86
		Release|Any CPU = Release|Any CPU
		Release|x64 = Release|x64
		Release|x86 = Release|x86
	EndGlobalSection
	GlobalSection(ProjectConfigurationPlatforms) = postSolution
		{D0E35C0E-D92C-4975-9665-28B3C515DCF7}.Debug|Any CPU.ActiveCfg = Debug|Any CPU
		{D0E35C0E-D92C-4975-9665-28B3C515DCF7}.Debug|Any CPU.Build.0 = Debug|Any CPU
		{D0E35C0E-D92C-4975-9665-28B3C515DCF7}.Debug|x64.ActiveCfg = Debug|Any CPU
		{D0E35C0E-D92C-4975-9665-28B3C515DCF7}.Debug|x64.Build.0 = Debug|Any CPU
		{D0E35C0E-D92C-4975-9665-28B3C515DCF7}.Debug|x86.ActiveCfg = Debug|Any CPU
		{D0E35C0E-D92C-4975-9665-28B3C515DCF7}.Debug|x86.Build.0 = Debug|Any CPU
		{D0E35C0E-D92C-4975-9665-28B3C515DCF7}.Release|Any CPU.ActiveCfg = Release|Any CPU
		{D0E35C0E-D92C-4975-9665-28B3C515DCF7}.Release|Any CPU.Build.0 = Release|Any CPU
		{D0E35C0E-D92C-4975-9665-28B3C515DCF7}.Release|x64.ActiveCfg = Release|Any CPU
		{D0E35C0E-D92C-4975-9665-28B3C515DCF7}.Release|x64.Build.0 = Release|Any CPU
		{D0E35C0E-D92C-4975-9665-28B3C515DCF7}.Release|x86.ActiveCfg = Release|Any CPU
		{D0E35C0E-D92C-4975-9665-28B3C515DCF7}.Release|x86.Build.0 = Release|Any CPU
		{0371683E-A474-4C2C-ACD3-E9E2B7796B4F}.Debug|Any CPU.ActiveCfg = Debug|Any CPU
		{0371683E-A474-4C2C-ACD3-E9E2B7796B4F}.Debug|Any CPU.Build.0 = Debug|Any CPU
		{0371683E-A474-4C2C-ACD3-E9E2B7796B4F}.Debug|x64.ActiveCfg = Debug|Any CPU
		{0371683E-A474-4C2C-ACD3-E9E2B7796B4F}.Debug|x64.Build.0 = Debug|Any CPU
		{0371683E-A474-4C2C-ACD3-E9E2B7796B4F}.Debug|x86.ActiveCfg = Debug|Any CPU
		{0371683E-A474-4C2C-ACD3-E9E2B7796B4F}.Debug|x86.Build.0 = Debug|Any CPU
		{0371683E-A474-4C2C-ACD3-E9E2B7796B4F}.Release|Any CPU.ActiveCfg = Release|Any CPU
		{0371683E-A474-4C2C-ACD3-E9E2B7796B4F}.Release|Any CPU.Build.0 = Release|Any CPU
		{0371683E-A474-4C2C-ACD3-E9E2B7796B4F}.Release|x64.ActiveCfg = Release|Any CPU
		{0371683E-A474-4C2C-ACD3-E9E2B7796B4F}.Release|x64.Build.0 = Release|Any CPU
		{0371683E-A474-4C2C-ACD3-E9E2B7796B4F}.Release|x86.ActiveCfg = Release|Any CPU
		{0371683E-A474-4C2C-ACD3-E9E2B7796B4F}.Release|x86.Build.0 = Release|Any CPU
	EndGlobalSection
	GlobalSection(SolutionProperties) = preSolution
		HideSolutionNode = FALSE
	EndGlobalSection
EndGlobal
