
Microsoft Visual Studio Solution File, Format Version 12.00
# Visual Studio Version 17
VisualStudioVersion = 17.5.002.0
MinimumVisualStudioVersion = 10.0.40219.1
Project("{9A19103F-16F7-4668-BE54-9A1E7A4F7556}") = "TestConsole", "TestConsole.csproj", "{F7D576C8-E58D-4150-A258-2284A78CE018}"
EndProject
Global
	GlobalSection(SolutionConfigurationPlatforms) = preSolution
		Debug|Any CPU = Debug|Any CPU
		Release|Any CPU = Release|Any CPU
	EndGlobalSection
	GlobalSection(ProjectConfigurationPlatforms) = postSolution
		{F7D576C8-E58D-4150-A258-2284A78CE018}.Debug|Any CPU.ActiveCfg = Debug|Any CPU
		{F7D576C8-E58D-4150-A258-2284A78CE018}.Debug|Any CPU.Build.0 = Debug|Any CPU
		{F7D576C8-E58D-4150-A258-2284A78CE018}.Release|Any CPU.ActiveCfg = Release|Any CPU
		{F7D576C8-E58D-4150-A258-2284A78CE018}.Release|Any CPU.Build.0 = Release|Any CPU
	EndGlobalSection
	GlobalSection(SolutionProperties) = preSolution
		HideSolutionNode = FALSE
	EndGlobalSection
	GlobalSection(ExtensibilityGlobals) = postSolution
		SolutionGuid = {40DEC18F-B0FB-458E-915F-024AF72151F9}
	EndGlobalSection
EndGlobal
