
Microsoft Visual Studio Solution File, Format Version 12.00
# Visual Studio Version 17
VisualStudioVersion = 17.0.31903.59
MinimumVisualStudioVersion = 10.0.40219.1
Project("{2150E333-8FDC-42A3-9474-1A3956D46DE8}") = "src", "src", "{827E0CD3-B72D-47B6-A68D-7590B98EB39B}"
EndProject
Project("{FAE04EC0-301F-11D3-BF4B-00C04F79EFBC}") = "DateExtensions", "src\DateExtensions\DateExtensions.csproj", "{1E5EFF13-A90C-477D-844C-563A59C7AF3F}"
EndProject
Project("{2150E333-8FDC-42A3-9474-1A3956D46DE8}") = "tests", "tests", "{0AB3BF05-4346-4AA6-1389-037BE0695223}"
EndProject
Project("{FAE04EC0-301F-11D3-BF4B-00C04F79EFBC}") = "DateExtensionTests", "tests\DateExtensionTests\DateExtensionTests.csproj", "{4F443274-5E9E-4826-B026-8BDDAD73269C}"
EndProject
Global
	GlobalSection(SolutionConfigurationPlatforms) = preSolution
		Debug|Any CPU = Debug|Any CPU
		Debug|x64 = Debug|x64
		Debug|x86 = Debug|x86
		Release|Any CPU = Release|Any CPU
		Release|x64 = Release|x64
		Release|x86 = Release|x86
	EndGlobalSection
	GlobalSection(ProjectConfigurationPlatforms) = postSolution
		{1E5EFF13-A90C-477D-844C-563A59C7AF3F}.Debug|Any CPU.ActiveCfg = Debug|Any CPU
		{1E5EFF13-A90C-477D-844C-563A59C7AF3F}.Debug|Any CPU.Build.0 = Debug|Any CPU
		{1E5EFF13-A90C-477D-844C-563A59C7AF3F}.Debug|x64.ActiveCfg = Debug|Any CPU
		{1E5EFF13-A90C-477D-844C-563A59C7AF3F}.Debug|x64.Build.0 = Debug|Any CPU
		{1E5EFF13-A90C-477D-844C-563A59C7AF3F}.Debug|x86.ActiveCfg = Debug|Any CPU
		{1E5EFF13-A90C-477D-844C-563A59C7AF3F}.Debug|x86.Build.0 = Debug|Any CPU
		{1E5EFF13-A90C-477D-844C-563A59C7AF3F}.Release|Any CPU.ActiveCfg = Release|Any CPU
		{1E5EFF13-A90C-477D-844C-563A59C7AF3F}.Release|Any CPU.Build.0 = Release|Any CPU
		{1E5EFF13-A90C-477D-844C-563A59C7AF3F}.Release|x64.ActiveCfg = Release|Any CPU
		{1E5EFF13-A90C-477D-844C-563A59C7AF3F}.Release|x64.Build.0 = Release|Any CPU
		{1E5EFF13-A90C-477D-844C-563A59C7AF3F}.Release|x86.ActiveCfg = Release|Any CPU
		{1E5EFF13-A90C-477D-844C-563A59C7AF3F}.Release|x86.Build.0 = Release|Any CPU
		{4F443274-5E9E-4826-B026-8BDDAD73269C}.Debug|Any CPU.ActiveCfg = Debug|Any CPU
		{4F443274-5E9E-4826-B026-8BDDAD73269C}.Debug|Any CPU.Build.0 = Debug|Any CPU
		{4F443274-5E9E-4826-B026-8BDDAD73269C}.Debug|x64.ActiveCfg = Debug|Any CPU
		{4F443274-5E9E-4826-B026-8BDDAD73269C}.Debug|x64.Build.0 = Debug|Any CPU
		{4F443274-5E9E-4826-B026-8BDDAD73269C}.Debug|x86.ActiveCfg = Debug|Any CPU
		{4F443274-5E9E-4826-B026-8BDDAD73269C}.Debug|x86.Build.0 = Debug|Any CPU
		{4F443274-5E9E-4826-B026-8BDDAD73269C}.Release|Any CPU.ActiveCfg = Release|Any CPU
		{4F443274-5E9E-4826-B026-8BDDAD73269C}.Release|Any CPU.Build.0 = Release|Any CPU
		{4F443274-5E9E-4826-B026-8BDDAD73269C}.Release|x64.ActiveCfg = Release|Any CPU
		{4F443274-5E9E-4826-B026-8BDDAD73269C}.Release|x64.Build.0 = Release|Any CPU
		{4F443274-5E9E-4826-B026-8BDDAD73269C}.Release|x86.ActiveCfg = Release|Any CPU
		{4F443274-5E9E-4826-B026-8BDDAD73269C}.Release|x86.Build.0 = Release|Any CPU
	EndGlobalSection
	GlobalSection(SolutionProperties) = preSolution
		HideSolutionNode = FALSE
	EndGlobalSection
	GlobalSection(NestedProjects) = preSolution
		{1E5EFF13-A90C-477D-844C-563A59C7AF3F} = {827E0CD3-B72D-47B6-A68D-7590B98EB39B}
		{4F443274-5E9E-4826-B026-8BDDAD73269C} = {0AB3BF05-4346-4AA6-1389-037BE0695223}
	EndGlobalSection
EndGlobal
